
Microsoft Visual Studio Solution File, Format Version 12.00
# Visual Studio Version 17
VisualStudioVersion = 17.3.32811.315
MinimumVisualStudioVersion = 10.0.40219.1
Project("{8BC9CEB8-8B4A-11D0-8D11-00A0C91BC942}") = "Snake", "Snake\Snake.vcxproj", "{EF07747F-850C-43C4-B9CF-C4657F3B1D6D}"
EndProject
Project("{8BC9CEB8-8B4A-11D0-8D11-00A0C91BC942}") = "Pong", "Pong\Pong.vcxproj", "{009E6658-425B-41AD-A089-33267D760F81}"
EndProject
Project("{8BC9CEB8-8B4A-11D0-8D11-00A0C91BC942}") = "Test", "Test\Test.vcxproj", "{F2028AE9-5015-4435-BABE-D5C7CC851353}"
EndProject
Project("{8BC9CEB8-8B4A-11D0-8D11-00A0C91BC942}") = "Bouncing Mushroom", "Bouncing Mushroom\Bouncing Mushroom.vcxproj", "{502405DF-3182-4F79-9C50-A4C105ABE56C}"
EndProject
Project("{8BC9CEB8-8B4A-11D0-8D11-00A0C91BC942}") = "Moving Mushroom", "Moving Mushroom\Moving Mushroom.vcxproj", "{48879467-3B0E-47E3-83B3-51A29E321CA6}"
EndProject
Global
	GlobalSection(SolutionConfigurationPlatforms) = preSolution
		Debug|x64 = Debug|x64
		Debug|x86 = Debug|x86
		Release|x64 = Release|x64
		Release|x86 = Release|x86
	EndGlobalSection
	GlobalSection(ProjectConfigurationPlatforms) = postSolution
		{EF07747F-850C-43C4-B9CF-C4657F3B1D6D}.Debug|x64.ActiveCfg = Debug|x64
		{EF07747F-850C-43C4-B9CF-C4657F3B1D6D}.Debug|x64.Build.0 = Debug|x64
		{EF07747F-850C-43C4-B9CF-C4657F3B1D6D}.Debug|x86.ActiveCfg = Debug|Win32
		{EF07747F-850C-43C4-B9CF-C4657F3B1D6D}.Debug|x86.Build.0 = Debug|Win32
		{EF07747F-850C-43C4-B9CF-C4657F3B1D6D}.Release|x64.ActiveCfg = Release|x64
		{EF07747F-850C-43C4-B9CF-C4657F3B1D6D}.Release|x64.Build.0 = Release|x64
		{EF07747F-850C-43C4-B9CF-C4657F3B1D6D}.Release|x86.ActiveCfg = Release|Win32
		{EF07747F-850C-43C4-B9CF-C4657F3B1D6D}.Release|x86.Build.0 = Release|Win32
		{009E6658-425B-41AD-A089-33267D760F81}.Debug|x64.ActiveCfg = Debug|x64
		{009E6658-425B-41AD-A089-33267D760F81}.Debug|x64.Build.0 = Debug|x64
		{009E6658-425B-41AD-A089-33267D760F81}.Debug|x86.ActiveCfg = Debug|Win32
		{009E6658-425B-41AD-A089-33267D760F81}.Debug|x86.Build.0 = Debug|Win32
		{009E6658-425B-41AD-A089-33267D760F81}.Release|x64.ActiveCfg = Release|x64
		{009E6658-425B-41AD-A089-33267D760F81}.Release|x64.Build.0 = Release|x64
		{009E6658-425B-41AD-A089-33267D760F81}.Release|x86.ActiveCfg = Release|Win32
		{009E6658-425B-41AD-A089-33267D760F81}.Release|x86.Build.0 = Release|Win32
		{F2028AE9-5015-4435-BABE-D5C7CC851353}.Debug|x64.ActiveCfg = Debug|x64
		{F2028AE9-5015-4435-BABE-D5C7CC851353}.Debug|x64.Build.0 = Debug|x64
		{F2028AE9-5015-4435-BABE-D5C7CC851353}.Debug|x86.ActiveCfg = Debug|Win32
		{F2028AE9-5015-4435-BABE-D5C7CC851353}.Debug|x86.Build.0 = Debug|Win32
		{F2028AE9-5015-4435-BABE-D5C7CC851353}.Release|x64.ActiveCfg = Release|x64
		{F2028AE9-5015-4435-BABE-D5C7CC851353}.Release|x64.Build.0 = Release|x64
		{F2028AE9-5015-4435-BABE-D5C7CC851353}.Release|x86.ActiveCfg = Release|Win32
		{F2028AE9-5015-4435-BABE-D5C7CC851353}.Release|x86.Build.0 = Release|Win32
		{502405DF-3182-4F79-9C50-A4C105ABE56C}.Debug|x64.ActiveCfg = Debug|x64
		{502405DF-3182-4F79-9C50-A4C105ABE56C}.Debug|x64.Build.0 = Debug|x64
		{502405DF-3182-4F79-9C50-A4C105ABE56C}.Debug|x86.ActiveCfg = Debug|Win32
		{502405DF-3182-4F79-9C50-A4C105ABE56C}.Debug|x86.Build.0 = Debug|Win32
		{502405DF-3182-4F79-9C50-A4C105ABE56C}.Release|x64.ActiveCfg = Release|x64
		{502405DF-3182-4F79-9C50-A4C105ABE56C}.Release|x64.Build.0 = Release|x64
		{502405DF-3182-4F79-9C50-A4C105ABE56C}.Release|x86.ActiveCfg = Release|Win32
		{502405DF-3182-4F79-9C50-A4C105ABE56C}.Release|x86.Build.0 = Release|Win32
		{48879467-3B0E-47E3-83B3-51A29E321CA6}.Debug|x64.ActiveCfg = Debug|x64
		{48879467-3B0E-47E3-83B3-51A29E321CA6}.Debug|x64.Build.0 = Debug|x64
		{48879467-3B0E-47E3-83B3-51A29E321CA6}.Debug|x86.ActiveCfg = Debug|Win32
		{48879467-3B0E-47E3-83B3-51A29E321CA6}.Debug|x86.Build.0 = Debug|Win32
		{48879467-3B0E-47E3-83B3-51A29E321CA6}.Release|x64.ActiveCfg = Release|x64
		{48879467-3B0E-47E3-83B3-51A29E321CA6}.Release|x64.Build.0 = Release|x64
		{48879467-3B0E-47E3-83B3-51A29E321CA6}.Release|x86.ActiveCfg = Release|Win32
		{48879467-3B0E-47E3-83B3-51A29E321CA6}.Release|x86.Build.0 = Release|Win32
	EndGlobalSection
	GlobalSection(SolutionProperties) = preSolution
		HideSolutionNode = FALSE
	EndGlobalSection
	GlobalSection(ExtensibilityGlobals) = postSolution
		SolutionGuid = {27D12C2F-D95F-4521-AF44-16ACF4282D1E}
	EndGlobalSection
EndGlobal
